// !$*UTF8*$!
{
	archiveVersion = 1;
	classes = {
	};
	objectVersion = 50;
	objects = {

/* Begin PBXBuildFile section */
		F69EE88E26CDF55A00DA1648 /* AppDelegate.swift in Sources */ = {isa = PBXBuildFile; fileRef = F69EE88D26CDF55A00DA1648 /* AppDelegate.swift */; };
		F69EE89026CDF55A00DA1648 /* SceneDelegate.swift in Sources */ = {isa = PBXBuildFile; fileRef = F69EE88F26CDF55A00DA1648 /* SceneDelegate.swift */; };
		F69EE89226CDF55A00DA1648 /* ViewController.swift in Sources */ = {isa = PBXBuildFile; fileRef = F69EE89126CDF55A00DA1648 /* ViewController.swift */; };
		F69EE89526CDF55A00DA1648 /* Main.storyboard in Resources */ = {isa = PBXBuildFile; fileRef = F69EE89326CDF55A00DA1648 /* Main.storyboard */; };
		F69EE89726CDF55E00DA1648 /* Assets.xcassets in Resources */ = {isa = PBXBuildFile; fileRef = F69EE89626CDF55E00DA1648 /* Assets.xcassets */; };
		F69EE89A26CDF55E00DA1648 /* LaunchScreen.storyboard in Resources */ = {isa = PBXBuildFile; fileRef = F69EE89826CDF55E00DA1648 /* LaunchScreen.storyboard */; };
		F69EE8A526CDF55E00DA1648 /* TechtaGramTests.swift in Sources */ = {isa = PBXBuildFile; fileRef = F69EE8A426CDF55E00DA1648 /* TechtaGramTests.swift */; };
		F69EE8B026CDF55E00DA1648 /* TechtaGramUITests.swift in Sources */ = {isa = PBXBuildFile; fileRef = F69EE8AF26CDF55E00DA1648 /* TechtaGramUITests.swift */; };
/* End PBXBuildFile section */

/* Begin PBXContainerItemProxy section */
		F69EE8A126CDF55E00DA1648 /* PBXContainerItemProxy */ = {
			isa = PBXContainerItemProxy;
			containerPortal = F69EE88226CDF55A00DA1648 /* Project object */;
			proxyType = 1;
			remoteGlobalIDString = F69EE88926CDF55A00DA1648;
			remoteInfo = TechtaGram;
		};
		F69EE8AC26CDF55E00DA1648 /* PBXContainerItemProxy */ = {
			isa = PBXContainerItemProxy;
			containerPortal = F69EE88226CDF55A00DA1648 /* Project object */;
			proxyType = 1;
			remoteGlobalIDString = F69EE88926CDF55A00DA1648;
			remoteInfo = TechtaGram;
		};
/* End PBXContainerItemProxy section */

/* Begin PBXFileReference section */
		F69EE88A26CDF55A00DA1648 /* TechtaGram.app */ = {isa = PBXFileReference; explicitFileType = wrapper.application; includeInIndex = 0; path = TechtaGram.app; sourceTree = BUILT_PRODUCTS_DIR; };
		F69EE88D26CDF55A00DA1648 /* AppDelegate.swift */ = {isa = PBXFileReference; lastKnownFileType = sourcecode.swift; path = AppDelegate.swift; sourceTree = "<group>"; };
		F69EE88F26CDF55A00DA1648 /* SceneDelegate.swift */ = {isa = PBXFileReference; lastKnownFileType = sourcecode.swift; path = SceneDelegate.swift; sourceTree = "<group>"; };
		F69EE89126CDF55A00DA1648 /* ViewController.swift */ = {isa = PBXFileReference; lastKnownFileType = sourcecode.swift; path = ViewController.swift; sourceTree = "<group>"; };
		F69EE89426CDF55A00DA1648 /* Base */ = {isa = PBXFileReference; lastKnownFileType = file.storyboard; name = Base; path = Base.lproj/Main.storyboard; sourceTree = "<group>"; };
		F69EE89626CDF55E00DA1648 /* Assets.xcassets */ = {isa = PBXFileReference; lastKnownFileType = folder.assetcatalog; path = Assets.xcassets; sourceTree = "<group>"; };
		F69EE89926CDF55E00DA1648 /* Base */ = {isa = PBXFileReference; lastKnownFileType = file.storyboard; name = Base; path = Base.lproj/LaunchScreen.storyboard; sourceTree = "<group>"; };
		F69EE89B26CDF55E00DA1648 /* Info.plist */ = {isa = PBXFileReference; lastKnownFileType = text.plist.xml; path = Info.plist; sourceTree = "<group>"; };
		F69EE8A026CDF55E00DA1648 /* TechtaGramTests.xctest */ = {isa = PBXFileReference; explicitFileType = wrapper.cfbundle; includeInIndex = 0; path = TechtaGramTests.xctest; sourceTree = BUILT_PRODUCTS_DIR; };
		F69EE8A426CDF55E00DA1648 /* TechtaGramTests.swift */ = {isa = PBXFileReference; lastKnownFileType = sourcecode.swift; path = TechtaGramTests.swift; sourceTree = "<group>"; };
		F69EE8A626CDF55E00DA1648 /* Info.plist */ = {isa = PBXFileReference; lastKnownFileType = text.plist.xml; path = Info.plist; sourceTree = "<group>"; };
		F69EE8AB26CDF55E00DA1648 /* TechtaGramUITests.xctest */ = {isa = PBXFileReference; explicitFileType = wrapper.cfbundle; includeInIndex = 0; path = TechtaGramUITests.xctest; sourceTree = BUILT_PRODUCTS_DIR; };
		F69EE8AF26CDF55E00DA1648 /* TechtaGramUITests.swift */ = {isa = PBXFileReference; lastKnownFileType = sourcecode.swift; path = TechtaGramUITests.swift; sourceTree = "<group>"; };
		F69EE8B126CDF55E00DA1648 /* Info.plist */ = {isa = PBXFileReference; lastKnownFileType = text.plist.xml; path = Info.plist; sourceTree = "<group>"; };
/* End PBXFileReference section */

/* Begin PBXFrameworksBuildPhase section */
		F69EE88726CDF55A00DA1648 /* Frameworks */ = {
			isa = PBXFrameworksBuildPhase;
			buildActionMask = 2147483647;
			files = (
			);
			runOnlyForDeploymentPostprocessing = 0;
		};
		F69EE89D26CDF55E00DA1648 /* Frameworks */ = {
			isa = PBXFrameworksBuildPhase;
			buildActionMask = 2147483647;
			files = (
			);
			runOnlyForDeploymentPostprocessing = 0;
		};
		F69EE8A826CDF55E00DA1648 /* Frameworks */ = {
			isa = PBXFrameworksBuildPhase;
			buildActionMask = 2147483647;
			files = (
			);
			runOnlyForDeploymentPostprocessing = 0;
		};
/* End PBXFrameworksBuildPhase section */

/* Begin PBXGroup section */
		F69EE88126CDF55A00DA1648 = {
			isa = PBXGroup;
			children = (
				F69EE88C26CDF55A00DA1648 /* TechtaGram */,
				F69EE8A326CDF55E00DA1648 /* TechtaGramTests */,
				F69EE8AE26CDF55E00DA1648 /* TechtaGramUITests */,
				F69EE88B26CDF55A00DA1648 /* Products */,
			);
			sourceTree = "<group>";
		};
		F69EE88B26CDF55A00DA1648 /* Products */ = {
			isa = PBXGroup;
			children = (
				F69EE88A26CDF55A00DA1648 /* TechtaGram.app */,
				F69EE8A026CDF55E00DA1648 /* TechtaGramTests.xctest */,
				F69EE8AB26CDF55E00DA1648 /* TechtaGramUITests.xctest */,
			);
			name = Products;
			sourceTree = "<group>";
		};
		F69EE88C26CDF55A00DA1648 /* TechtaGram */ = {
			isa = PBXGroup;
			children = (
				F69EE88D26CDF55A00DA1648 /* AppDelegate.swift */,
				F69EE88F26CDF55A00DA1648 /* SceneDelegate.swift */,
				F69EE89126CDF55A00DA1648 /* ViewController.swift */,
				F69EE89326CDF55A00DA1648 /* Main.storyboard */,
				F69EE89626CDF55E00DA1648 /* Assets.xcassets */,
				F69EE89826CDF55E00DA1648 /* LaunchScreen.storyboard */,
				F69EE89B26CDF55E00DA1648 /* Info.plist */,
			);
			path = TechtaGram;
			sourceTree = "<group>";
		};
		F69EE8A326CDF55E00DA1648 /* TechtaGramTests */ = {
			isa = PBXGroup;
			children = (
				F69EE8A426CDF55E00DA1648 /* TechtaGramTests.swift */,
				F69EE8A626CDF55E00DA1648 /* Info.plist */,
			);
			path = TechtaGramTests;
			sourceTree = "<group>";
		};
		F69EE8AE26CDF55E00DA1648 /* TechtaGramUITests */ = {
			isa = PBXGroup;
			children = (
				F69EE8AF26CDF55E00DA1648 /* TechtaGramUITests.swift */,
				F69EE8B126CDF55E00DA1648 /* Info.plist */,
			);
			path = TechtaGramUITests;
			sourceTree = "<group>";
		};
/* End PBXGroup section */

/* Begin PBXNativeTarget section */
		F69EE88926CDF55A00DA1648 /* TechtaGram */ = {
			isa = PBXNativeTarget;
			buildConfigurationList = F69EE8B426CDF55E00DA1648 /* Build configuration list for PBXNativeTarget "TechtaGram" */;
			buildPhases = (
				F69EE88626CDF55A00DA1648 /* Sources */,
				F69EE88726CDF55A00DA1648 /* Frameworks */,
				F69EE88826CDF55A00DA1648 /* Resources */,
			);
			buildRules = (
			);
			dependencies = (
			);
			name = TechtaGram;
			productName = TechtaGram;
			productReference = F69EE88A26CDF55A00DA1648 /* TechtaGram.app */;
			productType = "com.apple.product-type.application";
		};
		F69EE89F26CDF55E00DA1648 /* TechtaGramTests */ = {
			isa = PBXNativeTarget;
			buildConfigurationList = F69EE8B726CDF55E00DA1648 /* Build configuration list for PBXNativeTarget "TechtaGramTests" */;
			buildPhases = (
				F69EE89C26CDF55E00DA1648 /* Sources */,
				F69EE89D26CDF55E00DA1648 /* Frameworks */,
				F69EE89E26CDF55E00DA1648 /* Resources */,
			);
			buildRules = (
			);
			dependencies = (
				F69EE8A226CDF55E00DA1648 /* PBXTargetDependency */,
			);
			name = TechtaGramTests;
			productName = TechtaGramTests;
			productReference = F69EE8A026CDF55E00DA1648 /* TechtaGramTests.xctest */;
			productType = "com.apple.product-type.bundle.unit-test";
		};
		F69EE8AA26CDF55E00DA1648 /* TechtaGramUITests */ = {
			isa = PBXNativeTarget;
			buildConfigurationList = F69EE8BA26CDF55E00DA1648 /* Build configuration list for PBXNativeTarget "TechtaGramUITests" */;
			buildPhases = (
				F69EE8A726CDF55E00DA1648 /* Sources */,
				F69EE8A826CDF55E00DA1648 /* Frameworks */,
				F69EE8A926CDF55E00DA1648 /* Resources */,
			);
			buildRules = (
			);
			dependencies = (
				F69EE8AD26CDF55E00DA1648 /* PBXTargetDependency */,
			);
			name = TechtaGramUITests;
			productName = TechtaGramUITests;
			productReference = F69EE8AB26CDF55E00DA1648 /* TechtaGramUITests.xctest */;
			productType = "com.apple.product-type.bundle.ui-testing";
		};
/* End PBXNativeTarget section */

/* Begin PBXProject section */
		F69EE88226CDF55A00DA1648 /* Project object */ = {
			isa = PBXProject;
			attributes = {
				LastSwiftUpdateCheck = 1250;
				LastUpgradeCheck = 1250;
				TargetAttributes = {
					F69EE88926CDF55A00DA1648 = {
						CreatedOnToolsVersion = 12.5.1;
					};
					F69EE89F26CDF55E00DA1648 = {
						CreatedOnToolsVersion = 12.5.1;
						TestTargetID = F69EE88926CDF55A00DA1648;
					};
					F69EE8AA26CDF55E00DA1648 = {
						CreatedOnToolsVersion = 12.5.1;
						TestTargetID = F69EE88926CDF55A00DA1648;
					};
				};
			};
			buildConfigurationList = F69EE88526CDF55A00DA1648 /* Build configuration list for PBXProject "TechtaGram" */;
			compatibilityVersion = "Xcode 9.3";
			developmentRegion = en;
			hasScannedForEncodings = 0;
			knownRegions = (
				en,
				Base,
			);
			mainGroup = F69EE88126CDF55A00DA1648;
			productRefGroup = F69EE88B26CDF55A00DA1648 /* Products */;
			projectDirPath = "";
			projectRoot = "";
			targets = (
				F69EE88926CDF55A00DA1648 /* TechtaGram */,
				F69EE89F26CDF55E00DA1648 /* TechtaGramTests */,
				F69EE8AA26CDF55E00DA1648 /* TechtaGramUITests */,
			);
		};
/* End PBXProject section */

/* Begin PBXResourcesBuildPhase section */
		F69EE88826CDF55A00DA1648 /* Resources */ = {
			isa = PBXResourcesBuildPhase;
			buildActionMask = 2147483647;
			files = (
				F69EE89A26CDF55E00DA1648 /* LaunchScreen.storyboard in Resources */,
				F69EE89726CDF55E00DA1648 /* Assets.xcassets in Resources */,
				F69EE89526CDF55A00DA1648 /* Main.storyboard in Resources */,
			);
			runOnlyForDeploymentPostprocessing = 0;
		};
		F69EE89E26CDF55E00DA1648 /* Resources */ = {
			isa = PBXResourcesBuildPhase;
			buildActionMask = 2147483647;
			files = (
			);
			runOnlyForDeploymentPostprocessing = 0;
		};
		F69EE8A926CDF55E00DA1648 /* Resources */ = {
			isa = PBXResourcesBuildPhase;
			buildActionMask = 2147483647;
			files = (
			);
			runOnlyForDeploymentPostprocessing = 0;
		};
/* End PBXResourcesBuildPhase section */

/* Begin PBXSourcesBuildPhase section */
		F69EE88626CDF55A00DA1648 /* Sources */ = {
			isa = PBXSourcesBuildPhase;
			buildActionMask = 2147483647;
			files = (
				F69EE89226CDF55A00DA1648 /* ViewController.swift in Sources */,
				F69EE88E26CDF55A00DA1648 /* AppDelegate.swift in Sources */,
				F69EE89026CDF55A00DA1648 /* SceneDelegate.swift in Sources */,
			);
			runOnlyForDeploymentPostprocessing = 0;
		};
		F69EE89C26CDF55E00DA1648 /* Sources */ = {
			isa = PBXSourcesBuildPhase;
			buildActionMask = 2147483647;
			files = (
				F69EE8A526CDF55E00DA1648 /* TechtaGramTests.swift in Sources */,
			);
			runOnlyForDeploymentPostprocessing = 0;
		};
		F69EE8A726CDF55E00DA1648 /* Sources */ = {
			isa = PBXSourcesBuildPhase;
			buildActionMask = 2147483647;
			files = (
				F69EE8B026CDF55E00DA1648 /* TechtaGramUITests.swift in Sources */,
			);
			runOnlyForDeploymentPostprocessing = 0;
		};
/* End PBXSourcesBuildPhase section */

/* Begin PBXTargetDependency section */
		F69EE8A226CDF55E00DA1648 /* PBXTargetDependency */ = {
			isa = PBXTargetDependency;
			target = F69EE88926CDF55A00DA1648 /* TechtaGram */;
			targetProxy = F69EE8A126CDF55E00DA1648 /* PBXContainerItemProxy */;
		};
		F69EE8AD26CDF55E00DA1648 /* PBXTargetDependency */ = {
			isa = PBXTargetDependency;
			target = F69EE88926CDF55A00DA1648 /* TechtaGram */;
			targetProxy = F69EE8AC26CDF55E00DA1648 /* PBXContainerItemProxy */;
		};
/* End PBXTargetDependency section */

/* Begin PBXVariantGroup section */
		F69EE89326CDF55A00DA1648 /* Main.storyboard */ = {
			isa = PBXVariantGroup;
			children = (
				F69EE89426CDF55A00DA1648 /* Base */,
			);
			name = Main.storyboard;
			sourceTree = "<group>";
		};
		F69EE89826CDF55E00DA1648 /* LaunchScreen.storyboard */ = {
			isa = PBXVariantGroup;
			children = (
				F69EE89926CDF55E00DA1648 /* Base */,
			);
			name = LaunchScreen.storyboard;
			sourceTree = "<group>";
		};
/* End PBXVariantGroup section */

/* Begin XCBuildConfiguration section */
		F69EE8B226CDF55E00DA1648 /* Debug */ = {
			isa = XCBuildConfiguration;
			buildSettings = {
				ALWAYS_SEARCH_USER_PATHS = NO;
				CLANG_ANALYZER_NONNULL = YES;
				CLANG_ANALYZER_NUMBER_OBJECT_CONVERSION = YES_AGGRESSIVE;
				CLANG_CXX_LANGUAGE_STANDARD = "gnu++14";
				CLANG_CXX_LIBRARY = "libc++";
				CLANG_ENABLE_MODULES = YES;
				CLANG_ENABLE_OBJC_ARC = YES;
				CLANG_ENABLE_OBJC_WEAK = YES;
				CLANG_WARN_BLOCK_CAPTURE_AUTORELEASING = YES;
				CLANG_WARN_BOOL_CONVERSION = YES;
				CLANG_WARN_COMMA = YES;
				CLANG_WARN_CONSTANT_CONVERSION = YES;
				CLANG_WARN_DEPRECATED_OBJC_IMPLEMENTATIONS = YES;
				CLANG_WARN_DIRECT_OBJC_ISA_USAGE = YES_ERROR;
				CLANG_WARN_DOCUMENTATION_COMMENTS = YES;
				CLANG_WARN_EMPTY_BODY = YES;
				CLANG_WARN_ENUM_CONVERSION = YES;
				CLANG_WARN_INFINITE_RECURSION = YES;
				CLANG_WARN_INT_CONVERSION = YES;
				CLANG_WARN_NON_LITERAL_NULL_CONVERSION = YES;
				CLANG_WARN_OBJC_IMPLICIT_RETAIN_SELF = YES;
				CLANG_WARN_OBJC_LITERAL_CONVERSION = YES;
				CLANG_WARN_OBJC_ROOT_CLASS = YES_ERROR;
				CLANG_WARN_QUOTED_INCLUDE_IN_FRAMEWORK_HEADER = YES;
				CLANG_WARN_RANGE_LOOP_ANALYSIS = YES;
				CLANG_WARN_STRICT_PROTOTYPES = YES;
				CLANG_WARN_SUSPICIOUS_MOVE = YES;
				CLANG_WARN_UNGUARDED_AVAILABILITY = YES_AGGRESSIVE;
				CLANG_WARN_UNREACHABLE_CODE = YES;
				CLANG_WARN__DUPLICATE_METHOD_MATCH = YES;
				COPY_PHASE_STRIP = NO;
				DEBUG_INFORMATION_FORMAT = dwarf;
				ENABLE_STRICT_OBJC_MSGSEND = YES;
				ENABLE_TESTABILITY = YES;
				GCC_C_LANGUAGE_STANDARD = gnu11;
				GCC_DYNAMIC_NO_PIC = NO;
				GCC_NO_COMMON_BLOCKS = YES;
				GCC_OPTIMIZATION_LEVEL = 0;
				GCC_PREPROCESSOR_DEFINITIONS = (
					"DEBUG=1",
					"$(inherited)",
				);
				GCC_WARN_64_TO_32_BIT_CONVERSION = YES;
				GCC_WARN_ABOUT_RETURN_TYPE = YES_ERROR;
				GCC_WARN_UNDECLARED_SELECTOR = YES;
				GCC_WARN_UNINITIALIZED_AUTOS = YES_AGGRESSIVE;
				GCC_WARN_UNUSED_FUNCTION = YES;
				GCC_WARN_UNUSED_VARIABLE = YES;
				IPHONEOS_DEPLOYMENT_TARGET = 14.5;
				MTL_ENABLE_DEBUG_INFO = INCLUDE_SOURCE;
				MTL_FAST_MATH = YES;
				ONLY_ACTIVE_ARCH = YES;
				SDKROOT = iphoneos;
				SWIFT_ACTIVE_COMPILATION_CONDITIONS = DEBUG;
				SWIFT_OPTIMIZATION_LEVEL = "-Onone";
			};
			name = Debug;
		};
		F69EE8B326CDF55E00DA1648 /* Release */ = {
			isa = XCBuildConfiguration;
			buildSettings = {
				ALWAYS_SEARCH_USER_PATHS = NO;
				CLANG_ANALYZER_NONNULL = YES;
				CLANG_ANALYZER_NUMBER_OBJECT_CONVERSION = YES_AGGRESSIVE;
				CLANG_CXX_LANGUAGE_STANDARD = "gnu++14";
				CLANG_CXX_LIBRARY = "libc++";
				CLANG_ENABLE_MODULES = YES;
				CLANG_ENABLE_OBJC_ARC = YES;
				CLANG_ENABLE_OBJC_WEAK = YES;
				CLANG_WARN_BLOCK_CAPTURE_AUTORELEASING = YES;
				CLANG_WARN_BOOL_CONVERSION = YES;
				CLANG_WARN_COMMA = YES;
				CLANG_WARN_CONSTANT_CONVERSION = YES;
				CLANG_WARN_DEPRECATED_OBJC_IMPLEMENTATIONS = YES;
				CLANG_WARN_DIRECT_OBJC_ISA_USAGE = YES_ERROR;
				CLANG_WARN_DOCUMENTATION_COMMENTS = YES;
				CLANG_WARN_EMPTY_BODY = YES;
				CLANG_WARN_ENUM_CONVERSION = YES;
				CLANG_WARN_INFINITE_RECURSION = YES;
				CLANG_WARN_INT_CONVERSION = YES;
				CLANG_WARN_NON_LITERAL_NULL_CONVERSION = YES;
				CLANG_WARN_OBJC_IMPLICIT_RETAIN_SELF = YES;
				CLANG_WARN_OBJC_LITERAL_CONVERSION = YES;
				CLANG_WARN_OBJC_ROOT_CLASS = YES_ERROR;
				CLANG_WARN_QUOTED_INCLUDE_IN_FRAMEWORK_HEADER = YES;
				CLANG_WARN_RANGE_LOOP_ANALYSIS = YES;
				CLANG_WARN_STRICT_PROTOTYPES = YES;
				CLANG_WARN_SUSPICIOUS_MOVE = YES;
				CLANG_WARN_UNGUARDED_AVAILABILITY = YES_AGGRESSIVE;
				CLANG_WARN_UNREACHABLE_CODE = YES;
				CLANG_WARN__DUPLICATE_METHOD_MATCH = YES;
				COPY_PHASE_STRIP = NO;
				DEBUG_INFORMATION_FORMAT = "dwarf-with-dsym";
				ENABLE_NS_ASSERTIONS = NO;
				ENABLE_STRICT_OBJC_MSGSEND = YES;
				GCC_C_LANGUAGE_STANDARD = gnu11;
				GCC_NO_COMMON_BLOCKS = YES;
				GCC_WARN_64_TO_32_BIT_CONVERSION = YES;
				GCC_WARN_ABOUT_RETURN_TYPE = YES_ERROR;
				GCC_WARN_UNDECLARED_SELECTOR = YES;
				GCC_WARN_UNINITIALIZED_AUTOS = YES_AGGRESSIVE;
				GCC_WARN_UNUSED_FUNCTION = YES;
				GCC_WARN_UNUSED_VARIABLE = YES;
				IPHONEOS_DEPLOYMENT_TARGET = 14.5;
				MTL_ENABLE_DEBUG_INFO = NO;
				MTL_FAST_MATH = YES;
				SDKROOT = iphoneos;
				SWIFT_COMPILATION_MODE = wholemodule;
				SWIFT_OPTIMIZATION_LEVEL = "-O";
				VALIDATE_PRODUCT = YES;
			};
			name = Release;
		};
		F69EE8B526CDF55E00DA1648 /* Debug */ = {
			isa = XCBuildConfiguration;
			buildSettings = {
				ASSETCATALOG_COMPILER_APPICON_NAME = AppIcon;
				ASSETCATALOG_COMPILER_GLOBAL_ACCENT_COLOR_NAME = AccentColor;
				CODE_SIGN_STYLE = Automatic;
				DEVELOPMENT_TEAM = B7QT8ZD8YA;
				INFOPLIST_FILE = TechtaGram/Info.plist;
				LD_RUNPATH_SEARCH_PATHS = (
					"$(inherited)",
					"@executable_path/Frameworks",
				);
				PRODUCT_BUNDLE_IDENTIFIER = app.takahashi.tanty.TechtaGram;
				PRODUCT_NAME = "$(TARGET_NAME)";
				SWIFT_VERSION = 5.0;
				TARGETED_DEVICE_FAMILY = "1,2";
			};
			name = Debug;
		};
		F69EE8B626CDF55E00DA1648 /* Release */ = {
			isa = XCBuildConfiguration;
			buildSettings = {
				ASSETCATALOG_COMPILER_APPICON_NAME = AppIcon;
				ASSETCATALOG_COMPILER_GLOBAL_ACCENT_COLOR_NAME = AccentColor;
				CODE_SIGN_STYLE = Automatic;
				DEVELOPMENT_TEAM = B7QT8ZD8YA;
				INFOPLIST_FILE = TechtaGram/Info.plist;
				LD_RUNPATH_SEARCH_PATHS = (
					"$(inherited)",
					"@executable_path/Frameworks",
				);
				PRODUCT_BUNDLE_IDENTIFIER = app.takahashi.tanty.TechtaGram;
				PRODUCT_NAME = "$(TARGET_NAME)";
				SWIFT_VERSION = 5.0;
				TARGETED_DEVICE_FAMILY = "1,2";
			};
			name = Release;
		};
		F69EE8B826CDF55E00DA1648 /* Debug */ = {
			isa = XCBuildConfiguration;
			buildSettings = {
				ALWAYS_EMBED_SWIFT_STANDARD_LIBRARIES = YES;
				BUNDLE_LOADER = "$(TEST_HOST)";
				CODE_SIGN_STYLE = Automatic;
				DEVELOPMENT_TEAM = B7QT8ZD8YA;
				INFOPLIST_FILE = TechtaGramTests/Info.plist;
				IPHONEOS_DEPLOYMENT_TARGET = 14.5;
				LD_RUNPATH_SEARCH_PATHS = (
					"$(inherited)",
					"@executable_path/Frameworks",
					"@loader_path/Frameworks",
				);
				PRODUCT_BUNDLE_IDENTIFIER = app.takahashi.tanty.TechtaGramTests;
				PRODUCT_NAME = "$(TARGET_NAME)";
				SWIFT_VERSION = 5.0;
				TARGETED_DEVICE_FAMILY = "1,2";
				TEST_HOST = "$(BUILT_PRODUCTS_DIR)/TechtaGram.app/TechtaGram";
			};
			name = Debug;
		};
		F69EE8B926CDF55E00DA1648 /* Release */ = {
			isa = XCBuildConfiguration;
			buildSettings = {
				ALWAYS_EMBED_SWIFT_STANDARD_LIBRARIES = YES;
				BUNDLE_LOADER = "$(TEST_HOST)";
				CODE_SIGN_STYLE = Automatic;
				DEVELOPMENT_TEAM = B7QT8ZD8YA;
				INFOPLIST_FILE = TechtaGramTests/Info.plist;
				IPHONEOS_DEPLOYMENT_TARGET = 14.5;
				LD_RUNPATH_SEARCH_PATHS = (
					"$(inherited)",
					"@executable_path/Frameworks",
					"@loader_path/Frameworks",
				);
				PRODUCT_BUNDLE_IDENTIFIER = app.takahashi.tanty.TechtaGramTests;
				PRODUCT_NAME = "$(TARGET_NAME)";
				SWIFT_VERSION = 5.0;
				TARGETED_DEVICE_FAMILY = "1,2";
				TEST_HOST = "$(BUILT_PRODUCTS_DIR)/TechtaGram.app/TechtaGram";
			};
			name = Release;
		};
		F69EE8BB26CDF55E00DA1648 /* Debug */ = {
			isa = XCBuildConfiguration;
			buildSettings = {
				ALWAYS_EMBED_SWIFT_STANDARD_LIBRARIES = YES;
				CODE_SIGN_STYLE = Automatic;
				DEVELOPMENT_TEAM = B7QT8ZD8YA;
				INFOPLIST_FILE = TechtaGramUITests/Info.plist;
				LD_RUNPATH_SEARCH_PATHS = (
					"$(inherited)",
					"@executable_path/Frameworks",
					"@loader_path/Frameworks",
				);
				PRODUCT_BUNDLE_IDENTIFIER = app.takahashi.tanty.TechtaGramUITests;
				PRODUCT_NAME = "$(TARGET_NAME)";
				SWIFT_VERSION = 5.0;
				TARGETED_DEVICE_FAMILY = "1,2";
				TEST_TARGET_NAME = TechtaGram;
			};
			name = Debug;
		};
		F69EE8BC26CDF55E00DA1648 /* Release */ = {
			isa = XCBuildConfiguration;
			buildSettings = {
				ALWAYS_EMBED_SWIFT_STANDARD_LIBRARIES = YES;
				CODE_SIGN_STYLE = Automatic;
				DEVELOPMENT_TEAM = B7QT8ZD8YA;
				INFOPLIST_FILE = TechtaGramUITests/Info.plist;
				LD_RUNPATH_SEARCH_PATHS = (
					"$(inherited)",
					"@executable_path/Frameworks",
					"@loader_path/Frameworks",
				);
				PRODUCT_BUNDLE_IDENTIFIER = app.takahashi.tanty.TechtaGramUITests;
				PRODUCT_NAME = "$(TARGET_NAME)";
				SWIFT_VERSION = 5.0;
				TARGETED_DEVICE_FAMILY = "1,2";
				TEST_TARGET_NAME = TechtaGram;
			};
			name = Release;
		};
/* End XCBuildConfiguration section */

/* Begin XCConfigurationList section */
		F69EE88526CDF55A00DA1648 /* Build configuration list for PBXProject "TechtaGram" */ = {
			isa = XCConfigurationList;
			buildConfigurations = (
				F69EE8B226CDF55E00DA1648 /* Debug */,
				F69EE8B326CDF55E00DA1648 /* Release */,
			);
			defaultConfigurationIsVisible = 0;
			defaultConfigurationName = Release;
		};
		F69EE8B426CDF55E00DA1648 /* Build configuration list for PBXNativeTarget "TechtaGram" */ = {
			isa = XCConfigurationList;
			buildConfigurations = (
				F69EE8B526CDF55E00DA1648 /* Debug */,
				F69EE8B626CDF55E00DA1648 /* Release */,
			);
			defaultConfigurationIsVisible = 0;
			defaultConfigurationName = Release;
		};
		F69EE8B726CDF55E00DA1648 /* Build configuration list for PBXNativeTarget "TechtaGramTests" */ = {
			isa = XCConfigurationList;
			buildConfigurations = (
				F69EE8B826CDF55E00DA1648 /* Debug */,
				F69EE8B926CDF55E00DA1648 /* Release */,
			);
			defaultConfigurationIsVisible = 0;
			defaultConfigurationName = Release;
		};
		F69EE8BA26CDF55E00DA1648 /* Build configuration list for PBXNativeTarget "TechtaGramUITests" */ = {
			isa = XCConfigurationList;
			buildConfigurations = (
				F69EE8BB26CDF55E00DA1648 /* Debug */,
				F69EE8BC26CDF55E00DA1648 /* Release */,
			);
			defaultConfigurationIsVisible = 0;
			defaultConfigurationName = Release;
		};
/* End XCConfigurationList section */
	};
	rootObject = F69EE88226CDF55A00DA1648 /* Project object */;
}
